// !$*UTF8*$!
{
	archiveVersion = 1;
	classes = {
	};
	objectVersion = 46;
	objects = {

/* Begin PBXBuildFile section */
		B290463D1E9521FD002F59AF /* AppDelegate.swift in Sources */ = {isa = PBXBuildFile; fileRef = B290463C1E9521FD002F59AF /* AppDelegate.swift */; };
		B290463F1E9521FD002F59AF /* ViewController.swift in Sources */ = {isa = PBXBuildFile; fileRef = B290463E1E9521FD002F59AF /* ViewController.swift */; };
		B29046421E9521FD002F59AF /* Main.storyboard in Resources */ = {isa = PBXBuildFile; fileRef = B29046401E9521FD002F59AF /* Main.storyboard */; };
		B29046441E9521FD002F59AF /* Assets.xcassets in Resources */ = {isa = PBXBuildFile; fileRef = B29046431E9521FD002F59AF /* Assets.xcassets */; };
		B29046471E9521FD002F59AF /* LaunchScreen.storyboard in Resources */ = {isa = PBXBuildFile; fileRef = B29046451E9521FD002F59AF /* LaunchScreen.storyboard */; };
/* End PBXBuildFile section */

/* Begin PBXFileReference section */
		B29046391E9521FD002F59AF /* WorldToGiantFootball.app */ = {isa = PBXFileReference; explicitFileType = wrapper.application; includeInIndex = 0; path = WorldToGiantFootball.app; sourceTree = BUILT_PRODUCTS_DIR; };
		B290463C1E9521FD002F59AF /* AppDelegate.swift */ = {isa = PBXFileReference; lastKnownFileType = sourcecode.swift; path = AppDelegate.swift; sourceTree = "<group>"; };
		B290463E1E9521FD002F59AF /* ViewController.swift */ = {isa = PBXFileReference; lastKnownFileType = sourcecode.swift; path = ViewController.swift; sourceTree = "<group>"; };
		B29046411E9521FD002F59AF /* Base */ = {isa = PBXFileReference; lastKnownFileType = file.storyboard; name = Base; path = Base.lproj/Main.storyboard; sourceTree = "<group>"; };
		B29046431E9521FD002F59AF /* Assets.xcassets */ = {isa = PBXFileReference; lastKnownFileType = folder.assetcatalog; path = Assets.xcassets; sourceTree = "<group>"; };
		B29046461E9521FD002F59AF /* Base */ = {isa = PBXFileReference; lastKnownFileType = file.storyboard; name = Base; path = Base.lproj/LaunchScreen.storyboard; sourceTree = "<group>"; };
		B29046481E9521FD002F59AF /* Info.plist */ = {isa = PBXFileReference; lastKnownFileType = text.plist.xml; path = Info.plist; sourceTree = "<group>"; };
/* End PBXFileReference section */

/* Begin PBXFrameworksBuildPhase section */
		B29046361E9521FD002F59AF /* Frameworks */ = {
			isa = PBXFrameworksBuildPhase;
			buildActionMask = 2147483647;
			files = (
			);
			runOnlyForDeploymentPostprocessing = 0;
		};
/* End PBXFrameworksBuildPhase section */

/* Begin PBXGroup section */
		B29046301E9521FD002F59AF = {
			isa = PBXGroup;
			children = (
				B290463B1E9521FD002F59AF /* WorldToGiantFootball */,
				B290463A1E9521FD002F59AF /* Products */,
			);
			sourceTree = "<group>";
		};
		B290463A1E9521FD002F59AF /* Products */ = {
			isa = PBXGroup;
			children = (
				B29046391E9521FD002F59AF /* WorldToGiantFootball.app */,
			);
			name = Products;
			sourceTree = "<group>";
		};
		B290463B1E9521FD002F59AF /* WorldToGiantFootball */ = {
			isa = PBXGroup;
			children = (
				B290463C1E9521FD002F59AF /* AppDelegate.swift */,
				B290463E1E9521FD002F59AF /* ViewController.swift */,
				B29046401E9521FD002F59AF /* Main.storyboard */,
				B29046431E9521FD002F59AF /* Assets.xcassets */,
				B29046451E9521FD002F59AF /* LaunchScreen.storyboard */,
				B29046481E9521FD002F59AF /* Info.plist */,
			);
			path = WorldToGiantFootball;
			sourceTree = "<group>";
		};
/* End PBXGroup section */

/* Begin PBXNativeTarget section */
		B29046381E9521FD002F59AF /* WorldToGiantFootball */ = {
			isa = PBXNativeTarget;
			buildConfigurationList = B290464B1E9521FD002F59AF /* Build configuration list for PBXNativeTarget "WorldToGiantFootball" */;
			buildPhases = (
				B29046351E9521FD002F59AF /* Sources */,
				B29046361E9521FD002F59AF /* Frameworks */,
				B29046371E9521FD002F59AF /* Resources */,
			);
			buildRules = (
			);
			dependencies = (
			);
			name = WorldToGiantFootball;
			productName = WorldToGiantFootball;
			productReference = B29046391E9521FD002F59AF /* WorldToGiantFootball.app */;
			productType = "com.apple.product-type.application";
		};
/* End PBXNativeTarget section */

/* Begin PBXProject section */
		B29046311E9521FD002F59AF /* Project object */ = {
			isa = PBXProject;
			attributes = {
				LastSwiftUpdateCheck = 0820;
				LastUpgradeCheck = 0820;
				TargetAttributes = {
					B29046381E9521FD002F59AF = {
						CreatedOnToolsVersion = 8.2.1;
						ProvisioningStyle = Automatic;
					};
				};
			};
			buildConfigurationList = B29046341E9521FD002F59AF /* Build configuration list for PBXProject "WorldToGiantFootball" */;
			compatibilityVersion = "Xcode 3.2";
			developmentRegion = English;
			hasScannedForEncodings = 0;
			knownRegions = (
				en,
				Base,
			);
			mainGroup = B29046301E9521FD002F59AF;
			productRefGroup = B290463A1E9521FD002F59AF /* Products */;
			projectDirPath = "";
			projectRoot = "";
			targets = (
				B29046381E9521FD002F59AF /* WorldToGiantFootball */,
			);
		};
/* End PBXProject section */

/* Begin PBXResourcesBuildPhase section */
		B29046371E9521FD002F59AF /* Resources */ = {
			isa = PBXResourcesBuildPhase;
			buildActionMask = 2147483647;
			files = (
				B29046471E9521FD002F59AF /* LaunchScreen.storyboard in Resources */,
				B29046441E9521FD002F59AF /* Assets.xcassets in Resources */,
				B29046421E9521FD002F59AF /* Main.storyboard in Resources */,
			);
			runOnlyForDeploymentPostprocessing = 0;
		};
/* End PBXResourcesBuildPhase section */

/* Begin PBXSourcesBuildPhase section */
		B29046351E9521FD002F59AF /* Sources */ = {
			isa = PBXSourcesBuildPhase;
			buildActionMask = 2147483647;
			files = (
				B290463F1E9521FD002F59AF /* ViewController.swift in Sources */,
				B290463D1E9521FD002F59AF /* AppDelegate.swift in Sources */,
			);
			runOnlyForDeploymentPostprocessing = 0;
		};
/* End PBXSourcesBuildPhase section */

/* Begin PBXVariantGroup section */
		B29046401E9521FD002F59AF /* Main.storyboard */ = {
			isa = PBXVariantGroup;
			children = (
				B29046411E9521FD002F59AF /* Base */,
			);
			name = Main.storyboard;
			sourceTree = "<group>";
		};
		B29046451E9521FD002F59AF /* LaunchScreen.storyboard */ = {
			isa = PBXVariantGroup;
			children = (
				B29046461E9521FD002F59AF /* Base */,
			);
			name = LaunchScreen.storyboard;
			sourceTree = "<group>";
		};
/* End PBXVariantGroup section */

/* Begin XCBuildConfiguration section */
		B29046491E9521FD002F59AF /* Debug */ = {
			isa = XCBuildConfiguration;
			buildSettings = {
				ALWAYS_SEARCH_USER_PATHS = NO;
				CLANG_ANALYZER_NONNULL = YES;
				CLANG_CXX_LANGUAGE_STANDARD = "gnu++0x";
				CLANG_CXX_LIBRARY = "libc++";
				CLANG_ENABLE_MODULES = YES;
				CLANG_ENABLE_OBJC_ARC = YES;
				CLANG_WARN_BOOL_CONVERSION = YES;
				CLANG_WARN_CONSTANT_CONVERSION = YES;
				CLANG_WARN_DIRECT_OBJC_ISA_USAGE = YES_ERROR;
				CLANG_WARN_DOCUMENTATION_COMMENTS = YES;
				CLANG_WARN_EMPTY_BODY = YES;
				CLANG_WARN_ENUM_CONVERSION = YES;
				CLANG_WARN_INFINITE_RECURSION = YES;
				CLANG_WARN_INT_CONVERSION = YES;
				CLANG_WARN_OBJC_ROOT_CLASS = YES_ERROR;
				CLANG_WARN_SUSPICIOUS_MOVE = YES;
				CLANG_WARN_UNREACHABLE_CODE = YES;
				CLANG_WARN__DUPLICATE_METHOD_MATCH = YES;
				"CODE_SIGN_IDENTITY[sdk=iphoneos*]" = "iPhone Developer";
				COPY_PHASE_STRIP = NO;
				DEBUG_INFORMATION_FORMAT = dwarf;
				ENABLE_STRICT_OBJC_MSGSEND = YES;
				ENABLE_TESTABILITY = YES;
				GCC_C_LANGUAGE_STANDARD = gnu99;
				GCC_DYNAMIC_NO_PIC = NO;
				GCC_NO_COMMON_BLOCKS = YES;
				GCC_OPTIMIZATION_LEVEL = 0;
				GCC_PREPROCESSOR_DEFINITIONS = (
					"DEBUG=1",
					"$(inherited)",
				);
				GCC_WARN_64_TO_32_BIT_CONVERSION = YES;
				GCC_WARN_ABOUT_RETURN_TYPE = YES_ERROR;
				GCC_WARN_UNDECLARED_SELECTOR = YES;
				GCC_WARN_UNINITIALIZED_AUTOS = YES_AGGRESSIVE;
				GCC_WARN_UNUSED_FUNCTION = YES;
				GCC_WARN_UNUSED_VARIABLE = YES;
				IPHONEOS_DEPLOYMENT_TARGET = 10.2;
				MTL_ENABLE_DEBUG_INFO = YES;
				ONLY_ACTIVE_ARCH = YES;
				SDKROOT = iphoneos;
				SWIFT_ACTIVE_COMPILATION_CONDITIONS = DEBUG;
				SWIFT_OPTIMIZATION_LEVEL = "-Onone";
			};
			name = Debug;
		};
		B290464A1E9521FD002F59AF /* Release */ = {
			isa = XCBuildConfiguration;
			buildSettings = {
				ALWAYS_SEARCH_USER_PATHS = NO;
				CLANG_ANALYZER_NONNULL = YES;
				CLANG_CXX_LANGUAGE_STANDARD = "gnu++0x";
				CLANG_CXX_LIBRARY = "libc++";
				CLANG_ENABLE_MODULES = YES;
				CLANG_ENABLE_OBJC_ARC = YES;
				CLANG_WARN_BOOL_CONVERSION = YES;
				CLANG_WARN_CONSTANT_CONVERSION = YES;
				CLANG_WARN_DIRECT_OBJC_ISA_USAGE = YES_ERROR;
				CLANG_WARN_DOCUMENTATION_COMMENTS = YES;
				CLANG_WARN_EMPTY_BODY = YES;
				CLANG_WARN_ENUM_CONVERSION = YES;
				CLANG_WARN_INFINITE_RECURSION = YES;
				CLANG_WARN_INT_CONVERSION = YES;
				CLANG_WARN_OBJC_ROOT_CLASS = YES_ERROR;
				CLANG_WARN_SUSPICIOUS_MOVE = YES;
				CLANG_WARN_UNREACHABLE_CODE = YES;
				CLANG_WARN__DUPLICATE_METHOD_MATCH = YES;
				"CODE_SIGN_IDENTITY[sdk=iphoneos*]" = "iPhone Developer";
				COPY_PHASE_STRIP = NO;
				DEBUG_INFORMATION_FORMAT = "dwarf-with-dsym";
				ENABLE_NS_ASSERTIONS = NO;
				ENABLE_STRICT_OBJC_MSGSEND = YES;
				GCC_C_LANGUAGE_STANDARD = gnu99;
				GCC_NO_COMMON_BLOCKS = YES;
				GCC_WARN_64_TO_32_BIT_CONVERSION = YES;
				GCC_WARN_ABOUT_RETURN_TYPE = YES_ERROR;
				GCC_WARN_UNDECLARED_SELECTOR = YES;
				GCC_WARN_UNINITIALIZED_AUTOS = YES_AGGRESSIVE;
				GCC_WARN_UNUSED_FUNCTION = YES;
				GCC_WARN_UNUSED_VARIABLE = YES;
				IPHONEOS_DEPLOYMENT_TARGET = 10.2;
				MTL_ENABLE_DEBUG_INFO = NO;
				SDKROOT = iphoneos;
				SWIFT_OPTIMIZATION_LEVEL = "-Owholemodule";
				VALIDATE_PRODUCT = YES;
			};
			name = Release;
		};
		B290464C1E9521FD002F59AF /* Debug */ = {
			isa = XCBuildConfiguration;
			buildSettings = {
				ASSETCATALOG_COMPILER_APPICON_NAME = AppIcon;
				INFOPLIST_FILE = WorldToGiantFootball/Info.plist;
				LD_RUNPATH_SEARCH_PATHS = "$(inherited) @executable_path/Frameworks";
				PRODUCT_BUNDLE_IDENTIFIER = com.example.WorldToGiantFootball;
				PRODUCT_NAME = "$(TARGET_NAME)";
				SWIFT_VERSION = 3.0;
			};
			name = Debug;
		};
		B290464D1E9521FD002F59AF /* Release */ = {
			isa = XCBuildConfiguration;
			buildSettings = {
				ASSETCATALOG_COMPILER_APPICON_NAME = AppIcon;
				INFOPLIST_FILE = WorldToGiantFootball/Info.plist;
				LD_RUNPATH_SEARCH_PATHS = "$(inherited) @executable_path/Frameworks";
				PRODUCT_BUNDLE_IDENTIFIER = com.example.WorldToGiantFootball;
				PRODUCT_NAME = "$(TARGET_NAME)";
				SWIFT_VERSION = 3.0;
			};
			name = Release;
		};
/* End XCBuildConfiguration section */

/* Begin XCConfigurationList section */
		B29046341E9521FD002F59AF /* Build configuration list for PBXProject "WorldToGiantFootball" */ = {
			isa = XCConfigurationList;
			buildConfigurations = (
				B29046491E9521FD002F59AF /* Debug */,
				B290464A1E9521FD002F59AF /* Release */,
			);
			defaultConfigurationIsVisible = 0;
			defaultConfigurationName = Release;
		};
		B290464B1E9521FD002F59AF /* Build configuration list for PBXNativeTarget "WorldToGiantFootball" */ = {
			isa = XCConfigurationList;
			buildConfigurations = (
				B290464C1E9521FD002F59AF /* Debug */,
				B290464D1E9521FD002F59AF /* Release */,
			);
			defaultConfigurationIsVisible = 0;
		};
/* End XCConfigurationList section */
	};
	rootObject = B29046311E9521FD002F59AF /* Project object */;
}
